// !$*UTF8*$!
{
	archiveVersion = 1;
	classes = {
	};
	objectVersion = 51;
	objects = {

/* Begin PBXBuildFile section */
		0027945224FB229800CAFEA5 /* userTableViewCell.swift in Sources */ = {isa = PBXBuildFile; fileRef = 0027945124FB229800CAFEA5 /* userTableViewCell.swift */; };
		0027945424FB334900CAFEA5 /* dataCollectionViewCell.swift in Sources */ = {isa = PBXBuildFile; fileRef = 0027945324FB334900CAFEA5 /* dataCollectionViewCell.swift */; };
		00365EE524F8DB090044AF1C /* Reachability.swift in Sources */ = {isa = PBXBuildFile; fileRef = 00365EE424F8DB090044AF1C /* Reachability.swift */; };
		004DFA3524F1FA1100D084A8 /* AppDelegate.swift in Sources */ = {isa = PBXBuildFile; fileRef = 004DFA3424F1FA1100D084A8 /* AppDelegate.swift */; };
		004DFA3724F1FA1100D084A8 /* SceneDelegate.swift in Sources */ = {isa = PBXBuildFile; fileRef = 004DFA3624F1FA1100D084A8 /* SceneDelegate.swift */; };
		004DFA3C24F1FA1100D084A8 /* Main.storyboard in Resources */ = {isa = PBXBuildFile; fileRef = 004DFA3A24F1FA1100D084A8 /* Main.storyboard */; };
		004DFA3F24F1FA1100D084A8 /* liveNews.xcdatamodeld in Sources */ = {isa = PBXBuildFile; fileRef = 004DFA3D24F1FA1100D084A8 /* liveNews.xcdatamodeld */; };
		004DFA4124F1FA1300D084A8 /* Assets.xcassets in Resources */ = {isa = PBXBuildFile; fileRef = 004DFA4024F1FA1300D084A8 /* Assets.xcassets */; };
		004DFA4424F1FA1300D084A8 /* LaunchScreen.storyboard in Resources */ = {isa = PBXBuildFile; fileRef = 004DFA4224F1FA1300D084A8 /* LaunchScreen.storyboard */; };
		004DFA4F24F1FA1300D084A8 /* liveNewsTests.swift in Sources */ = {isa = PBXBuildFile; fileRef = 004DFA4E24F1FA1300D084A8 /* liveNewsTests.swift */; };
		004DFA5A24F1FA1300D084A8 /* liveNewsUITests.swift in Sources */ = {isa = PBXBuildFile; fileRef = 004DFA5924F1FA1300D084A8 /* liveNewsUITests.swift */; };
		0053EC9F24F85B4400208AA2 /* newsContract.swift in Sources */ = {isa = PBXBuildFile; fileRef = 0053EC9A24F85B4400208AA2 /* newsContract.swift */; };
		0053ECA024F85B4400208AA2 /* newsPresenter.swift in Sources */ = {isa = PBXBuildFile; fileRef = 0053EC9B24F85B4400208AA2 /* newsPresenter.swift */; };
		0053ECA124F85B4500208AA2 /* newsRouter.swift in Sources */ = {isa = PBXBuildFile; fileRef = 0053EC9C24F85B4400208AA2 /* newsRouter.swift */; };
		0053ECA224F85B4500208AA2 /* newsViewController.swift in Sources */ = {isa = PBXBuildFile; fileRef = 0053EC9D24F85B4400208AA2 /* newsViewController.swift */; };
		0053ECA324F85B4500208AA2 /* newsInteractor.swift in Sources */ = {isa = PBXBuildFile; fileRef = 0053EC9E24F85B4400208AA2 /* newsInteractor.swift */; };
		0053ECA524F8617D00208AA2 /* newTableViewCell.swift in Sources */ = {isa = PBXBuildFile; fileRef = 0053ECA424F8617D00208AA2 /* newTableViewCell.swift */; };
		0053ECA924F863D800208AA2 /* newModel.swift in Sources */ = {isa = PBXBuildFile; fileRef = 0053ECA824F863D800208AA2 /* newModel.swift */; };
		0053ECAB24F8644C00208AA2 /* Urls.swift in Sources */ = {isa = PBXBuildFile; fileRef = 0053ECAA24F8644C00208AA2 /* Urls.swift */; };
		0053ECAD24F8645600208AA2 /* server.swift in Sources */ = {isa = PBXBuildFile; fileRef = 0053ECAC24F8645600208AA2 /* server.swift */; };
		006BE95524F9E7CC00B61F40 /* homeViewController.swift in Sources */ = {isa = PBXBuildFile; fileRef = 006BE95424F9E7CC00B61F40 /* homeViewController.swift */; };
		006BE96124F9E9E400B61F40 /* homeContract.swift in Sources */ = {isa = PBXBuildFile; fileRef = 006BE95D24F9E9E400B61F40 /* homeContract.swift */; };
		006BE96224F9E9E400B61F40 /* homePresenter.swift in Sources */ = {isa = PBXBuildFile; fileRef = 006BE95E24F9E9E400B61F40 /* homePresenter.swift */; };
		006BE96324F9E9E400B61F40 /* homeRouter.swift in Sources */ = {isa = PBXBuildFile; fileRef = 006BE95F24F9E9E400B61F40 /* homeRouter.swift */; };
		006BE96424F9E9E400B61F40 /* homeInteractor.swift in Sources */ = {isa = PBXBuildFile; fileRef = 006BE96024F9E9E400B61F40 /* homeInteractor.swift */; };
		0087273D24F89D6100F2D0BC /* detailedContract.swift in Sources */ = {isa = PBXBuildFile; fileRef = 0087273824F89D6100F2D0BC /* detailedContract.swift */; };
		0087273E24F89D6100F2D0BC /* detailedPresenter.swift in Sources */ = {isa = PBXBuildFile; fileRef = 0087273924F89D6100F2D0BC /* detailedPresenter.swift */; };
		0087273F24F89D6100F2D0BC /* detailedRouter.swift in Sources */ = {isa = PBXBuildFile; fileRef = 0087273A24F89D6100F2D0BC /* detailedRouter.swift */; };
		0087274024F89D6100F2D0BC /* detailedViewController.swift in Sources */ = {isa = PBXBuildFile; fileRef = 0087273B24F89D6100F2D0BC /* detailedViewController.swift */; };
		0087274124F89D6100F2D0BC /* detailedInteractor.swift in Sources */ = {isa = PBXBuildFile; fileRef = 0087273C24F89D6100F2D0BC /* detailedInteractor.swift */; };
		0087274424F8BAC000F2D0BC /* shared.swift in Sources */ = {isa = PBXBuildFile; fileRef = 0087274324F8BAC000F2D0BC /* shared.swift */; };
		448416EF58D34F548CB3819E /* Pods_liveNews.framework in Frameworks */ = {isa = PBXBuildFile; fileRef = CBE47C22491A1EB2C7F5B78D /* Pods_liveNews.framework */; };
		4983DBF717B9BEC0B75DE81E /* Pods_liveNewsTests.framework in Frameworks */ = {isa = PBXBuildFile; fileRef = 483D5F51B5A310AC75B090C7 /* Pods_liveNewsTests.framework */; };
		F7FEBFCD114077B766858BDC /* Pods_liveNews_liveNewsUITests.framework in Frameworks */ = {isa = PBXBuildFile; fileRef = 9136969CC7D57C24761A719F /* Pods_liveNews_liveNewsUITests.framework */; };
/* End PBXBuildFile section */

/* Begin PBXContainerItemProxy section */
		004DFA4B24F1FA1300D084A8 /* PBXContainerItemProxy */ = {
			isa = PBXContainerItemProxy;
			containerPortal = 004DFA2924F1FA1100D084A8 /* Project object */;
			proxyType = 1;
			remoteGlobalIDString = 004DFA3024F1FA1100D084A8;
			remoteInfo = liveNews;
		};
		004DFA5624F1FA1300D084A8 /* PBXContainerItemProxy */ = {
			isa = PBXContainerItemProxy;
			containerPortal = 004DFA2924F1FA1100D084A8 /* Project object */;
			proxyType = 1;
			remoteGlobalIDString = 004DFA3024F1FA1100D084A8;
			remoteInfo = liveNews;
		};
/* End PBXContainerItemProxy section */

/* Begin PBXFileReference section */
		0027945124FB229800CAFEA5 /* userTableViewCell.swift */ = {isa = PBXFileReference; lastKnownFileType = sourcecode.swift; path = userTableViewCell.swift; sourceTree = "<group>"; };
		0027945324FB334900CAFEA5 /* dataCollectionViewCell.swift */ = {isa = PBXFileReference; lastKnownFileType = sourcecode.swift; path = dataCollectionViewCell.swift; sourceTree = "<group>"; };
		00365EE424F8DB090044AF1C /* Reachability.swift */ = {isa = PBXFileReference; fileEncoding = 4; lastKnownFileType = sourcecode.swift; path = Reachability.swift; sourceTree = "<group>"; };
		003987A4609694275CA8621B /* Pods-liveNews.release.xcconfig */ = {isa = PBXFileReference; includeInIndex = 1; lastKnownFileType = text.xcconfig; name = "Pods-liveNews.release.xcconfig"; path = "Target Support Files/Pods-liveNews/Pods-liveNews.release.xcconfig"; sourceTree = "<group>"; };
		004DFA3124F1FA1100D084A8 /* liveNews.app */ = {isa = PBXFileReference; explicitFileType = wrapper.application; includeInIndex = 0; path = liveNews.app; sourceTree = BUILT_PRODUCTS_DIR; };
		004DFA3424F1FA1100D084A8 /* AppDelegate.swift */ = {isa = PBXFileReference; lastKnownFileType = sourcecode.swift; path = AppDelegate.swift; sourceTree = "<group>"; };
		004DFA3624F1FA1100D084A8 /* SceneDelegate.swift */ = {isa = PBXFileReference; lastKnownFileType = sourcecode.swift; path = SceneDelegate.swift; sourceTree = "<group>"; };
		004DFA3B24F1FA1100D084A8 /* Base */ = {isa = PBXFileReference; lastKnownFileType = file.storyboard; name = Base; path = Base.lproj/Main.storyboard; sourceTree = "<group>"; };
		004DFA3E24F1FA1100D084A8 /* liveNews.xcdatamodel */ = {isa = PBXFileReference; lastKnownFileType = wrapper.xcdatamodel; path = liveNews.xcdatamodel; sourceTree = "<group>"; };
		004DFA4024F1FA1300D084A8 /* Assets.xcassets */ = {isa = PBXFileReference; lastKnownFileType = folder.assetcatalog; path = Assets.xcassets; sourceTree = "<group>"; };
		004DFA4324F1FA1300D084A8 /* Base */ = {isa = PBXFileReference; lastKnownFileType = file.storyboard; name = Base; path = Base.lproj/LaunchScreen.storyboard; sourceTree = "<group>"; };
		004DFA4524F1FA1300D084A8 /* Info.plist */ = {isa = PBXFileReference; lastKnownFileType = text.plist.xml; path = Info.plist; sourceTree = "<group>"; };
		004DFA4A24F1FA1300D084A8 /* liveNewsTests.xctest */ = {isa = PBXFileReference; explicitFileType = wrapper.cfbundle; includeInIndex = 0; path = liveNewsTests.xctest; sourceTree = BUILT_PRODUCTS_DIR; };
		004DFA4E24F1FA1300D084A8 /* liveNewsTests.swift */ = {isa = PBXFileReference; lastKnownFileType = sourcecode.swift; path = liveNewsTests.swift; sourceTree = "<group>"; };
		004DFA5024F1FA1300D084A8 /* Info.plist */ = {isa = PBXFileReference; lastKnownFileType = text.plist.xml; path = Info.plist; sourceTree = "<group>"; };
		004DFA5524F1FA1300D084A8 /* liveNewsUITests.xctest */ = {isa = PBXFileReference; explicitFileType = wrapper.cfbundle; includeInIndex = 0; path = liveNewsUITests.xctest; sourceTree = BUILT_PRODUCTS_DIR; };
		004DFA5924F1FA1300D084A8 /* liveNewsUITests.swift */ = {isa = PBXFileReference; lastKnownFileType = sourcecode.swift; path = liveNewsUITests.swift; sourceTree = "<group>"; };
		004DFA5B24F1FA1300D084A8 /* Info.plist */ = {isa = PBXFileReference; lastKnownFileType = text.plist.xml; path = Info.plist; sourceTree = "<group>"; };
		0053EC9A24F85B4400208AA2 /* newsContract.swift */ = {isa = PBXFileReference; lastKnownFileType = sourcecode.swift; path = newsContract.swift; sourceTree = "<group>"; };
		0053EC9B24F85B4400208AA2 /* newsPresenter.swift */ = {isa = PBXFileReference; lastKnownFileType = sourcecode.swift; path = newsPresenter.swift; sourceTree = "<group>"; };
		0053EC9C24F85B4400208AA2 /* newsRouter.swift */ = {isa = PBXFileReference; lastKnownFileType = sourcecode.swift; path = newsRouter.swift; sourceTree = "<group>"; };
		0053EC9D24F85B4400208AA2 /* newsViewController.swift */ = {isa = PBXFileReference; lastKnownFileType = sourcecode.swift; path = newsViewController.swift; sourceTree = "<group>"; };
		0053EC9E24F85B4400208AA2 /* newsInteractor.swift */ = {isa = PBXFileReference; lastKnownFileType = sourcecode.swift; path = newsInteractor.swift; sourceTree = "<group>"; };
		0053ECA424F8617D00208AA2 /* newTableViewCell.swift */ = {isa = PBXFileReference; lastKnownFileType = sourcecode.swift; path = newTableViewCell.swift; sourceTree = "<group>"; };
		0053ECA824F863D800208AA2 /* newModel.swift */ = {isa = PBXFileReference; lastKnownFileType = sourcecode.swift; path = newModel.swift; sourceTree = "<group>"; };
		0053ECAA24F8644C00208AA2 /* Urls.swift */ = {isa = PBXFileReference; lastKnownFileType = sourcecode.swift; path = Urls.swift; sourceTree = "<group>"; };
		0053ECAC24F8645600208AA2 /* server.swift */ = {isa = PBXFileReference; lastKnownFileType = sourcecode.swift; path = server.swift; sourceTree = "<group>"; };
		006BE95424F9E7CC00B61F40 /* homeViewController.swift */ = {isa = PBXFileReference; lastKnownFileType = sourcecode.swift; path = homeViewController.swift; sourceTree = "<group>"; };
		006BE95D24F9E9E400B61F40 /* homeContract.swift */ = {isa = PBXFileReference; lastKnownFileType = sourcecode.swift; path = homeContract.swift; sourceTree = "<group>"; };
		006BE95E24F9E9E400B61F40 /* homePresenter.swift */ = {isa = PBXFileReference; lastKnownFileType = sourcecode.swift; path = homePresenter.swift; sourceTree = "<group>"; };
		006BE95F24F9E9E400B61F40 /* homeRouter.swift */ = {isa = PBXFileReference; lastKnownFileType = sourcecode.swift; path = homeRouter.swift; sourceTree = "<group>"; };
		006BE96024F9E9E400B61F40 /* homeInteractor.swift */ = {isa = PBXFileReference; lastKnownFileType = sourcecode.swift; path = homeInteractor.swift; sourceTree = "<group>"; };
		0087273824F89D6100F2D0BC /* detailedContract.swift */ = {isa = PBXFileReference; lastKnownFileType = sourcecode.swift; path = detailedContract.swift; sourceTree = "<group>"; };
		0087273924F89D6100F2D0BC /* detailedPresenter.swift */ = {isa = PBXFileReference; lastKnownFileType = sourcecode.swift; path = detailedPresenter.swift; sourceTree = "<group>"; };
		0087273A24F89D6100F2D0BC /* detailedRouter.swift */ = {isa = PBXFileReference; lastKnownFileType = sourcecode.swift; path = detailedRouter.swift; sourceTree = "<group>"; };
		0087273B24F89D6100F2D0BC /* detailedViewController.swift */ = {isa = PBXFileReference; lastKnownFileType = sourcecode.swift; path = detailedViewController.swift; sourceTree = "<group>"; };
		0087273C24F89D6100F2D0BC /* detailedInteractor.swift */ = {isa = PBXFileReference; lastKnownFileType = sourcecode.swift; path = detailedInteractor.swift; sourceTree = "<group>"; };
		0087274324F8BAC000F2D0BC /* shared.swift */ = {isa = PBXFileReference; lastKnownFileType = sourcecode.swift; path = shared.swift; sourceTree = "<group>"; };
		03F18FD80BEE6A54A37B9A51 /* Pods-liveNewsTests.debug.xcconfig */ = {isa = PBXFileReference; includeInIndex = 1; lastKnownFileType = text.xcconfig; name = "Pods-liveNewsTests.debug.xcconfig"; path = "Target Support Files/Pods-liveNewsTests/Pods-liveNewsTests.debug.xcconfig"; sourceTree = "<group>"; };
		2A20FC543BEA27AB08D572F5 /* Pods-liveNews.debug.xcconfig */ = {isa = PBXFileReference; includeInIndex = 1; lastKnownFileType = text.xcconfig; name = "Pods-liveNews.debug.xcconfig"; path = "Target Support Files/Pods-liveNews/Pods-liveNews.debug.xcconfig"; sourceTree = "<group>"; };
		483D5F51B5A310AC75B090C7 /* Pods_liveNewsTests.framework */ = {isa = PBXFileReference; explicitFileType = wrapper.framework; includeInIndex = 0; path = Pods_liveNewsTests.framework; sourceTree = BUILT_PRODUCTS_DIR; };
		770DAF4B5268D4DF61353096 /* Pods-liveNewsTests.release.xcconfig */ = {isa = PBXFileReference; includeInIndex = 1; lastKnownFileType = text.xcconfig; name = "Pods-liveNewsTests.release.xcconfig"; path = "Target Support Files/Pods-liveNewsTests/Pods-liveNewsTests.release.xcconfig"; sourceTree = "<group>"; };
		9136969CC7D57C24761A719F /* Pods_liveNews_liveNewsUITests.framework */ = {isa = PBXFileReference; explicitFileType = wrapper.framework; includeInIndex = 0; path = Pods_liveNews_liveNewsUITests.framework; sourceTree = BUILT_PRODUCTS_DIR; };
		B87DB6D3230186D91670AAB2 /* Pods-liveNews-liveNewsUITests.release.xcconfig */ = {isa = PBXFileReference; includeInIndex = 1; lastKnownFileType = text.xcconfig; name = "Pods-liveNews-liveNewsUITests.release.xcconfig"; path = "Target Support Files/Pods-liveNews-liveNewsUITests/Pods-liveNews-liveNewsUITests.release.xcconfig"; sourceTree = "<group>"; };
		CBE47C22491A1EB2C7F5B78D /* Pods_liveNews.framework */ = {isa = PBXFileReference; explicitFileType = wrapper.framework; includeInIndex = 0; path = Pods_liveNews.framework; sourceTree = BUILT_PRODUCTS_DIR; };
		D5438826D3260D94E3F0BEE7 /* Pods-liveNews-liveNewsUITests.debug.xcconfig */ = {isa = PBXFileReference; includeInIndex = 1; lastKnownFileType = text.xcconfig; name = "Pods-liveNews-liveNewsUITests.debug.xcconfig"; path = "Target Support Files/Pods-liveNews-liveNewsUITests/Pods-liveNews-liveNewsUITests.debug.xcconfig"; sourceTree = "<group>"; };
/* End PBXFileReference section */

/* Begin PBXFrameworksBuildPhase section */
		004DFA2E24F1FA1100D084A8 /* Frameworks */ = {
			isa = PBXFrameworksBuildPhase;
			buildActionMask = 2147483647;
			files = (
				448416EF58D34F548CB3819E /* Pods_liveNews.framework in Frameworks */,
			);
			runOnlyForDeploymentPostprocessing = 0;
		};
		004DFA4724F1FA1300D084A8 /* Frameworks */ = {
			isa = PBXFrameworksBuildPhase;
			buildActionMask = 2147483647;
			files = (
				4983DBF717B9BEC0B75DE81E /* Pods_liveNewsTests.framework in Frameworks */,
			);
			runOnlyForDeploymentPostprocessing = 0;
		};
		004DFA5224F1FA1300D084A8 /* Frameworks */ = {
			isa = PBXFrameworksBuildPhase;
			buildActionMask = 2147483647;
			files = (
				F7FEBFCD114077B766858BDC /* Pods_liveNews_liveNewsUITests.framework in Frameworks */,
			);
			runOnlyForDeploymentPostprocessing = 0;
		};
/* End PBXFrameworksBuildPhase section */

/* Begin PBXGroup section */
		0025A29024F206D300B1DFEC /* viper */ = {
			isa = PBXGroup;
			children = (
				0087274224F8BAAC00F2D0BC /* Shared */,
				0053ECA724F863C800208AA2 /* newsModel */,
				0053ECA624F863A100208AA2 /* Networking */,
				0053EC9824F85AFC00208AA2 /* Resources */,
				0053EC9724F85AEF00208AA2 /* Views */,
				0053EC9624F85ADD00208AA2 /* Delegations */,
			);
			path = viper;
			sourceTree = "<group>";
		};
		0027945524FB334900CAFEA5 /* cells */ = {
			isa = PBXGroup;
			children = (
				0027945124FB229800CAFEA5 /* userTableViewCell.swift */,
				0027945324FB334900CAFEA5 /* dataCollectionViewCell.swift */,
			);
			path = cells;
			sourceTree = "<group>";
		};
		004DFA2824F1FA1100D084A8 = {
			isa = PBXGroup;
			children = (
				004DFA3324F1FA1100D084A8 /* liveNews */,
				004DFA4D24F1FA1300D084A8 /* liveNewsTests */,
				004DFA5824F1FA1300D084A8 /* liveNewsUITests */,
				004DFA3224F1FA1100D084A8 /* Products */,
				9C9988913471F17EE0A2054B /* Pods */,
				96BAADB63AD825A49FF06DFC /* Frameworks */,
			);
			sourceTree = "<group>";
		};
		004DFA3224F1FA1100D084A8 /* Products */ = {
			isa = PBXGroup;
			children = (
				004DFA3124F1FA1100D084A8 /* liveNews.app */,
				004DFA4A24F1FA1300D084A8 /* liveNewsTests.xctest */,
				004DFA5524F1FA1300D084A8 /* liveNewsUITests.xctest */,
			);
			name = Products;
			sourceTree = "<group>";
		};
		004DFA3324F1FA1100D084A8 /* liveNews */ = {
			isa = PBXGroup;
			children = (
				0025A29024F206D300B1DFEC /* viper */,
				006BE95324F9E7B100B61F40 /* Home view Controller */,
				0087273724F89D3600F2D0BC /* Detailed View controller */,
				0053EC9924F85B2200208AA2 /* News Viper */,
				004DFA4524F1FA1300D084A8 /* Info.plist */,
			);
			path = liveNews;
			sourceTree = "<group>";
		};
		004DFA4D24F1FA1300D084A8 /* liveNewsTests */ = {
			isa = PBXGroup;
			children = (
				004DFA4E24F1FA1300D084A8 /* liveNewsTests.swift */,
				004DFA5024F1FA1300D084A8 /* Info.plist */,
			);
			path = liveNewsTests;
			sourceTree = "<group>";
		};
		004DFA5824F1FA1300D084A8 /* liveNewsUITests */ = {
			isa = PBXGroup;
			children = (
				004DFA5924F1FA1300D084A8 /* liveNewsUITests.swift */,
				004DFA5B24F1FA1300D084A8 /* Info.plist */,
			);
			path = liveNewsUITests;
			sourceTree = "<group>";
		};
		0053EC9624F85ADD00208AA2 /* Delegations */ = {
			isa = PBXGroup;
			children = (
				004DFA3424F1FA1100D084A8 /* AppDelegate.swift */,
				004DFA3624F1FA1100D084A8 /* SceneDelegate.swift */,
			);
			path = Delegations;
			sourceTree = "<group>";
		};
		0053EC9724F85AEF00208AA2 /* Views */ = {
			isa = PBXGroup;
			children = (
				004DFA3A24F1FA1100D084A8 /* Main.storyboard */,
				004DFA4224F1FA1300D084A8 /* LaunchScreen.storyboard */,
			);
			path = Views;
			sourceTree = "<group>";
		};
		0053EC9824F85AFC00208AA2 /* Resources */ = {
			isa = PBXGroup;
			children = (
				004DFA4024F1FA1300D084A8 /* Assets.xcassets */,
				004DFA3D24F1FA1100D084A8 /* liveNews.xcdatamodeld */,
			);
			path = Resources;
			sourceTree = "<group>";
		};
		0053EC9924F85B2200208AA2 /* News Viper */ = {
			isa = PBXGroup;
			children = (
				0053EC9A24F85B4400208AA2 /* newsContract.swift */,
				0053EC9B24F85B4400208AA2 /* newsPresenter.swift */,
				0053EC9C24F85B4400208AA2 /* newsRouter.swift */,
				0053EC9D24F85B4400208AA2 /* newsViewController.swift */,
				0053EC9E24F85B4400208AA2 /* newsInteractor.swift */,
				0053ECA424F8617D00208AA2 /* newTableViewCell.swift */,
			);
			path = "News Viper";
			sourceTree = "<group>";
		};
		0053ECA624F863A100208AA2 /* Networking */ = {
			isa = PBXGroup;
			children = (
				0053ECAA24F8644C00208AA2 /* Urls.swift */,
				0053ECAC24F8645600208AA2 /* server.swift */,
			);
			path = Networking;
			sourceTree = "<group>";
		};
		0053ECA724F863C800208AA2 /* newsModel */ = {
			isa = PBXGroup;
			children = (
				0053ECA824F863D800208AA2 /* newModel.swift */,
			);
			path = newsModel;
			sourceTree = "<group>";
		};
		006BE95324F9E7B100B61F40 /* Home view Controller */ = {
			isa = PBXGroup;
			children = (
				0027945524FB334900CAFEA5 /* cells */,
				006BE95D24F9E9E400B61F40 /* homeContract.swift */,
				006BE95E24F9E9E400B61F40 /* homePresenter.swift */,
				006BE95F24F9E9E400B61F40 /* homeRouter.swift */,
				006BE96024F9E9E400B61F40 /* homeInteractor.swift */,
				006BE95424F9E7CC00B61F40 /* homeViewController.swift */,
			);
			path = "Home view Controller";
			sourceTree = "<group>";
		};
		0087273724F89D3600F2D0BC /* Detailed View controller */ = {
			isa = PBXGroup;
			children = (
				0087273824F89D6100F2D0BC /* detailedContract.swift */,
				0087273924F89D6100F2D0BC /* detailedPresenter.swift */,
				0087273A24F89D6100F2D0BC /* detailedRouter.swift */,
				0087273B24F89D6100F2D0BC /* detailedViewController.swift */,
				0087273C24F89D6100F2D0BC /* detailedInteractor.swift */,
			);
			path = "Detailed View controller";
			sourceTree = "<group>";
		};
		0087274224F8BAAC00F2D0BC /* Shared */ = {
			isa = PBXGroup;
			children = (
				00365EE424F8DB090044AF1C /* Reachability.swift */,
				0087274324F8BAC000F2D0BC /* shared.swift */,
			);
			path = Shared;
			sourceTree = "<group>";
		};
		96BAADB63AD825A49FF06DFC /* Frameworks */ = {
			isa = PBXGroup;
			children = (
				CBE47C22491A1EB2C7F5B78D /* Pods_liveNews.framework */,
				9136969CC7D57C24761A719F /* Pods_liveNews_liveNewsUITests.framework */,
				483D5F51B5A310AC75B090C7 /* Pods_liveNewsTests.framework */,
			);
			name = Frameworks;
			sourceTree = "<group>";
		};
		9C9988913471F17EE0A2054B /* Pods */ = {
			isa = PBXGroup;
			children = (
				2A20FC543BEA27AB08D572F5 /* Pods-liveNews.debug.xcconfig */,
				003987A4609694275CA8621B /* Pods-liveNews.release.xcconfig */,
				D5438826D3260D94E3F0BEE7 /* Pods-liveNews-liveNewsUITests.debug.xcconfig */,
				B87DB6D3230186D91670AAB2 /* Pods-liveNews-liveNewsUITests.release.xcconfig */,
				03F18FD80BEE6A54A37B9A51 /* Pods-liveNewsTests.debug.xcconfig */,
				770DAF4B5268D4DF61353096 /* Pods-liveNewsTests.release.xcconfig */,
			);
			path = Pods;
			sourceTree = "<group>";
		};
/* End PBXGroup section */

/* Begin PBXNativeTarget section */
		004DFA3024F1FA1100D084A8 /* liveNews */ = {
			isa = PBXNativeTarget;
			buildConfigurationList = 004DFA5E24F1FA1300D084A8 /* Build configuration list for PBXNativeTarget "liveNews" */;
			buildPhases = (
				8BBDA836C7C84EC7BD896981 /* [CP] Check Pods Manifest.lock */,
				004DFA2D24F1FA1100D084A8 /* Sources */,
				004DFA2E24F1FA1100D084A8 /* Frameworks */,
				004DFA2F24F1FA1100D084A8 /* Resources */,
				283D2BF8155F42A24C74FCE3 /* [CP] Embed Pods Frameworks */,
			);
			buildRules = (
			);
			dependencies = (
			);
			name = liveNews;
			productName = liveNews;
			productReference = 004DFA3124F1FA1100D084A8 /* liveNews.app */;
			productType = "com.apple.product-type.application";
		};
		004DFA4924F1FA1300D084A8 /* liveNewsTests */ = {
			isa = PBXNativeTarget;
			buildConfigurationList = 004DFA6124F1FA1300D084A8 /* Build configuration list for PBXNativeTarget "liveNewsTests" */;
			buildPhases = (
				52BB06D2C9142403571A76F3 /* [CP] Check Pods Manifest.lock */,
				004DFA4624F1FA1300D084A8 /* Sources */,
				004DFA4724F1FA1300D084A8 /* Frameworks */,
				004DFA4824F1FA1300D084A8 /* Resources */,
			);
			buildRules = (
			);
			dependencies = (
				004DFA4C24F1FA1300D084A8 /* PBXTargetDependency */,
			);
			name = liveNewsTests;
			productName = liveNewsTests;
			productReference = 004DFA4A24F1FA1300D084A8 /* liveNewsTests.xctest */;
			productType = "com.apple.product-type.bundle.unit-test";
		};
		004DFA5424F1FA1300D084A8 /* liveNewsUITests */ = {
			isa = PBXNativeTarget;
			buildConfigurationList = 004DFA6424F1FA1300D084A8 /* Build configuration list for PBXNativeTarget "liveNewsUITests" */;
			buildPhases = (
				2186D15E1BE89C7B462DBA44 /* [CP] Check Pods Manifest.lock */,
				004DFA5124F1FA1300D084A8 /* Sources */,
				004DFA5224F1FA1300D084A8 /* Frameworks */,
				004DFA5324F1FA1300D084A8 /* Resources */,
				CAF72F214367F7965A495BA0 /* [CP] Embed Pods Frameworks */,
			);
			buildRules = (
			);
			dependencies = (
				004DFA5724F1FA1300D084A8 /* PBXTargetDependency */,
			);
			name = liveNewsUITests;
			productName = liveNewsUITests;
			productReference = 004DFA5524F1FA1300D084A8 /* liveNewsUITests.xctest */;
			productType = "com.apple.product-type.bundle.ui-testing";
		};
/* End PBXNativeTarget section */

/* Begin PBXProject section */
		004DFA2924F1FA1100D084A8 /* Project object */ = {
			isa = PBXProject;
			attributes = {
				LastSwiftUpdateCheck = 1120;
				LastUpgradeCheck = 1120;
				ORGANIZATIONNAME = "Taha Hussein";
				TargetAttributes = {
					004DFA3024F1FA1100D084A8 = {
						CreatedOnToolsVersion = 11.2.1;
					};
					004DFA4924F1FA1300D084A8 = {
						CreatedOnToolsVersion = 11.2.1;
						TestTargetID = 004DFA3024F1FA1100D084A8;
					};
					004DFA5424F1FA1300D084A8 = {
						CreatedOnToolsVersion = 11.2.1;
						TestTargetID = 004DFA3024F1FA1100D084A8;
					};
				};
			};
			buildConfigurationList = 004DFA2C24F1FA1100D084A8 /* Build configuration list for PBXProject "liveNews" */;
			compatibilityVersion = "Xcode 9.3";
			developmentRegion = en;
			hasScannedForEncodings = 0;
			knownRegions = (
				en,
				Base,
			);
			mainGroup = 004DFA2824F1FA1100D084A8;
			productRefGroup = 004DFA3224F1FA1100D084A8 /* Products */;
			projectDirPath = "";
			projectRoot = "";
			targets = (
				004DFA3024F1FA1100D084A8 /* liveNews */,
				004DFA4924F1FA1300D084A8 /* liveNewsTests */,
				004DFA5424F1FA1300D084A8 /* liveNewsUITests */,
			);
		};
/* End PBXProject section */

/* Begin PBXResourcesBuildPhase section */
		004DFA2F24F1FA1100D084A8 /* Resources */ = {
			isa = PBXResourcesBuildPhase;
			buildActionMask = 2147483647;
			files = (
				004DFA4424F1FA1300D084A8 /* LaunchScreen.storyboard in Resources */,
				004DFA4124F1FA1300D084A8 /* Assets.xcassets in Resources */,
				004DFA3C24F1FA1100D084A8 /* Main.storyboard in Resources */,
			);
			runOnlyForDeploymentPostprocessing = 0;
		};
		004DFA4824F1FA1300D084A8 /* Resources */ = {
			isa = PBXResourcesBuildPhase;
			buildActionMask = 2147483647;
			files = (
			);
			runOnlyForDeploymentPostprocessing = 0;
		};
		004DFA5324F1FA1300D084A8 /* Resources */ = {
			isa = PBXResourcesBuildPhase;
			buildActionMask = 2147483647;
			files = (
			);
			runOnlyForDeploymentPostprocessing = 0;
		};
/* End PBXResourcesBuildPhase section */

/* Begin PBXShellScriptBuildPhase section */
		2186D15E1BE89C7B462DBA44 /* [CP] Check Pods Manifest.lock */ = {
			isa = PBXShellScriptBuildPhase;
			buildActionMask = 2147483647;
			files = (
			);
			inputFileListPaths = (
			);
			inputPaths = (
				"${PODS_PODFILE_DIR_PATH}/Podfile.lock",
				"${PODS_ROOT}/Manifest.lock",
			);
			name = "[CP] Check Pods Manifest.lock";
			outputFileListPaths = (
			);
			outputPaths = (
				"$(DERIVED_FILE_DIR)/Pods-liveNews-liveNewsUITests-checkManifestLockResult.txt",
			);
			runOnlyForDeploymentPostprocessing = 0;
			shellPath = /bin/sh;
			shellScript = "diff \"${PODS_PODFILE_DIR_PATH}/Podfile.lock\" \"${PODS_ROOT}/Manifest.lock\" > /dev/null\nif [ $? != 0 ] ; then\n    # print error to STDERR\n    echo \"error: The sandbox is not in sync with the Podfile.lock. Run 'pod install' or update your CocoaPods installation.\" >&2\n    exit 1\nfi\n# This output is used by Xcode 'outputs' to avoid re-running this script phase.\necho \"SUCCESS\" > \"${SCRIPT_OUTPUT_FILE_0}\"\n";
			showEnvVarsInLog = 0;
		};
		283D2BF8155F42A24C74FCE3 /* [CP] Embed Pods Frameworks */ = {
			isa = PBXShellScriptBuildPhase;
			buildActionMask = 2147483647;
			files = (
			);
			inputFileListPaths = (
				"${PODS_ROOT}/Target Support Files/Pods-liveNews/Pods-liveNews-frameworks-${CONFIGURATION}-input-files.xcfilelist",
			);
			name = "[CP] Embed Pods Frameworks";
			outputFileListPaths = (
				"${PODS_ROOT}/Target Support Files/Pods-liveNews/Pods-liveNews-frameworks-${CONFIGURATION}-output-files.xcfilelist",
			);
			runOnlyForDeploymentPostprocessing = 0;
			shellPath = /bin/sh;
			shellScript = "\"${PODS_ROOT}/Target Support Files/Pods-liveNews/Pods-liveNews-frameworks.sh\"\n";
			showEnvVarsInLog = 0;
		};
		52BB06D2C9142403571A76F3 /* [CP] Check Pods Manifest.lock */ = {
			isa = PBXShellScriptBuildPhase;
			buildActionMask = 2147483647;
			files = (
			);
			inputFileListPaths = (
			);
			inputPaths = (
				"${PODS_PODFILE_DIR_PATH}/Podfile.lock",
				"${PODS_ROOT}/Manifest.lock",
			);
			name = "[CP] Check Pods Manifest.lock";
			outputFileListPaths = (
			);
			outputPaths = (
				"$(DERIVED_FILE_DIR)/Pods-liveNewsTests-checkManifestLockResult.txt",
			);
			runOnlyForDeploymentPostprocessing = 0;
			shellPath = /bin/sh;
			shellScript = "diff \"${PODS_PODFILE_DIR_PATH}/Podfile.lock\" \"${PODS_ROOT}/Manifest.lock\" > /dev/null\nif [ $? != 0 ] ; then\n    # print error to STDERR\n    echo \"error: The sandbox is not in sync with the Podfile.lock. Run 'pod install' or update your CocoaPods installation.\" >&2\n    exit 1\nfi\n# This output is used by Xcode 'outputs' to avoid re-running this script phase.\necho \"SUCCESS\" > \"${SCRIPT_OUTPUT_FILE_0}\"\n";
			showEnvVarsInLog = 0;
		};
		8BBDA836C7C84EC7BD896981 /* [CP] Check Pods Manifest.lock */ = {
			isa = PBXShellScriptBuildPhase;
			buildActionMask = 2147483647;
			files = (
			);
			inputFileListPaths = (
			);
			inputPaths = (
				"${PODS_PODFILE_DIR_PATH}/Podfile.lock",
				"${PODS_ROOT}/Manifest.lock",
			);
			name = "[CP] Check Pods Manifest.lock";
			outputFileListPaths = (
			);
			outputPaths = (
				"$(DERIVED_FILE_DIR)/Pods-liveNews-checkManifestLockResult.txt",
			);
			runOnlyForDeploymentPostprocessing = 0;
			shellPath = /bin/sh;
			shellScript = "diff \"${PODS_PODFILE_DIR_PATH}/Podfile.lock\" \"${PODS_ROOT}/Manifest.lock\" > /dev/null\nif [ $? != 0 ] ; then\n    # print error to STDERR\n    echo \"error: The sandbox is not in sync with the Podfile.lock. Run 'pod install' or update your CocoaPods installation.\" >&2\n    exit 1\nfi\n# This output is used by Xcode 'outputs' to avoid re-running this script phase.\necho \"SUCCESS\" > \"${SCRIPT_OUTPUT_FILE_0}\"\n";
			showEnvVarsInLog = 0;
		};
		CAF72F214367F7965A495BA0 /* [CP] Embed Pods Frameworks */ = {
			isa = PBXShellScriptBuildPhase;
			buildActionMask = 2147483647;
			files = (
			);
			inputFileListPaths = (
				"${PODS_ROOT}/Target Support Files/Pods-liveNews-liveNewsUITests/Pods-liveNews-liveNewsUITests-frameworks-${CONFIGURATION}-input-files.xcfilelist",
			);
			name = "[CP] Embed Pods Frameworks";
			outputFileListPaths = (
				"${PODS_ROOT}/Target Support Files/Pods-liveNews-liveNewsUITests/Pods-liveNews-liveNewsUITests-frameworks-${CONFIGURATION}-output-files.xcfilelist",
			);
			runOnlyForDeploymentPostprocessing = 0;
			shellPath = /bin/sh;
			shellScript = "\"${PODS_ROOT}/Target Support Files/Pods-liveNews-liveNewsUITests/Pods-liveNews-liveNewsUITests-frameworks.sh\"\n";
			showEnvVarsInLog = 0;
		};
/* End PBXShellScriptBuildPhase section */

/* Begin PBXSourcesBuildPhase section */
		004DFA2D24F1FA1100D084A8 /* Sources */ = {
			isa = PBXSourcesBuildPhase;
			buildActionMask = 2147483647;
			files = (
				0053EC9F24F85B4400208AA2 /* newsContract.swift in Sources */,
				004DFA3524F1FA1100D084A8 /* AppDelegate.swift in Sources */,
				00365EE524F8DB090044AF1C /* Reachability.swift in Sources */,
				006BE96224F9E9E400B61F40 /* homePresenter.swift in Sources */,
				006BE95524F9E7CC00B61F40 /* homeViewController.swift in Sources */,
				006BE96324F9E9E400B61F40 /* homeRouter.swift in Sources */,
				0087274024F89D6100F2D0BC /* detailedViewController.swift in Sources */,
				0053ECAD24F8645600208AA2 /* server.swift in Sources */,
				0027945424FB334900CAFEA5 /* dataCollectionViewCell.swift in Sources */,
				0053ECA024F85B4400208AA2 /* newsPresenter.swift in Sources */,
				0087273D24F89D6100F2D0BC /* detailedContract.swift in Sources */,
				004DFA3F24F1FA1100D084A8 /* liveNews.xcdatamodeld in Sources */,
				0053ECAB24F8644C00208AA2 /* Urls.swift in Sources */,
				0053ECA924F863D800208AA2 /* newModel.swift in Sources */,
				0087274124F89D6100F2D0BC /* detailedInteractor.swift in Sources */,
				0087274424F8BAC000F2D0BC /* shared.swift in Sources */,
				0053ECA524F8617D00208AA2 /* newTableViewCell.swift in Sources */,
				0087273F24F89D6100F2D0BC /* detailedRouter.swift in Sources */,
				004DFA3724F1FA1100D084A8 /* SceneDelegate.swift in Sources */,
				006BE96424F9E9E400B61F40 /* homeInteractor.swift in Sources */,
				0087273E24F89D6100F2D0BC /* detailedPresenter.swift in Sources */,
				0053ECA124F85B4500208AA2 /* newsRouter.swift in Sources */,
				0027945224FB229800CAFEA5 /* userTableViewCell.swift in Sources */,
				006BE96124F9E9E400B61F40 /* homeContract.swift in Sources */,
				0053ECA224F85B4500208AA2 /* newsViewController.swift in Sources */,
				0053ECA324F85B4500208AA2 /* newsInteractor.swift in Sources */,
			);
			runOnlyForDeploymentPostprocessing = 0;
		};
		004DFA4624F1FA1300D084A8 /* Sources */ = {
			isa = PBXSourcesBuildPhase;
			buildActionMask = 2147483647;
			files = (
				004DFA4F24F1FA1300D084A8 /* liveNewsTests.swift in Sources */,
			);
			runOnlyForDeploymentPostprocessing = 0;
		};
		004DFA5124F1FA1300D084A8 /* Sources */ = {
			isa = PBXSourcesBuildPhase;
			buildActionMask = 2147483647;
			files = (
				004DFA5A24F1FA1300D084A8 /* liveNewsUITests.swift in Sources */,
			);
			runOnlyForDeploymentPostprocessing = 0;
		};
/* End PBXSourcesBuildPhase section */

/* Begin PBXTargetDependency section */
		004DFA4C24F1FA1300D084A8 /* PBXTargetDependency */ = {
			isa = PBXTargetDependency;
			target = 004DFA3024F1FA1100D084A8 /* liveNews */;
			targetProxy = 004DFA4B24F1FA1300D084A8 /* PBXContainerItemProxy */;
		};
		004DFA5724F1FA1300D084A8 /* PBXTargetDependency */ = {
			isa = PBXTargetDependency;
			target = 004DFA3024F1FA1100D084A8 /* liveNews */;
			targetProxy = 004DFA5624F1FA1300D084A8 /* PBXContainerItemProxy */;
		};
/* End PBXTargetDependency section */

/* Begin PBXVariantGroup section */
		004DFA3A24F1FA1100D084A8 /* Main.storyboard */ = {
			isa = PBXVariantGroup;
			children = (
				004DFA3B24F1FA1100D084A8 /* Base */,
			);
			name = Main.storyboard;
			sourceTree = "<group>";
		};
		004DFA4224F1FA1300D084A8 /* LaunchScreen.storyboard */ = {
			isa = PBXVariantGroup;
			children = (
				004DFA4324F1FA1300D084A8 /* Base */,
			);
			name = LaunchScreen.storyboard;
			sourceTree = "<group>";
		};
/* End PBXVariantGroup section */

/* Begin XCBuildConfiguration section */
		004DFA5C24F1FA1300D084A8 /* Debug */ = {
			isa = XCBuildConfiguration;
			buildSettings = {
				ALWAYS_SEARCH_USER_PATHS = NO;
				CLANG_ANALYZER_NONNULL = YES;
				CLANG_ANALYZER_NUMBER_OBJECT_CONVERSION = YES_AGGRESSIVE;
				CLANG_CXX_LANGUAGE_STANDARD = "gnu++14";
				CLANG_CXX_LIBRARY = "libc++";
				CLANG_ENABLE_MODULES = YES;
				CLANG_ENABLE_OBJC_ARC = YES;
				CLANG_ENABLE_OBJC_WEAK = YES;
				CLANG_WARN_BLOCK_CAPTURE_AUTORELEASING = YES;
				CLANG_WARN_BOOL_CONVERSION = YES;
				CLANG_WARN_COMMA = YES;
				CLANG_WARN_CONSTANT_CONVERSION = YES;
				CLANG_WARN_DEPRECATED_OBJC_IMPLEMENTATIONS = YES;
				CLANG_WARN_DIRECT_OBJC_ISA_USAGE = YES_ERROR;
				CLANG_WARN_DOCUMENTATION_COMMENTS = YES;
				CLANG_WARN_EMPTY_BODY = YES;
				CLANG_WARN_ENUM_CONVERSION = YES;
				CLANG_WARN_INFINITE_RECURSION = YES;
				CLANG_WARN_INT_CONVERSION = YES;
				CLANG_WARN_NON_LITERAL_NULL_CONVERSION = YES;
				CLANG_WARN_OBJC_IMPLICIT_RETAIN_SELF = YES;
				CLANG_WARN_OBJC_LITERAL_CONVERSION = YES;
				CLANG_WARN_OBJC_ROOT_CLASS = YES_ERROR;
				CLANG_WARN_RANGE_LOOP_ANALYSIS = YES;
				CLANG_WARN_STRICT_PROTOTYPES = YES;
				CLANG_WARN_SUSPICIOUS_MOVE = YES;
				CLANG_WARN_UNGUARDED_AVAILABILITY = YES_AGGRESSIVE;
				CLANG_WARN_UNREACHABLE_CODE = YES;
				CLANG_WARN__DUPLICATE_METHOD_MATCH = YES;
				COPY_PHASE_STRIP = NO;
				DEBUG_INFORMATION_FORMAT = dwarf;
				ENABLE_STRICT_OBJC_MSGSEND = YES;
				ENABLE_TESTABILITY = YES;
				GCC_C_LANGUAGE_STANDARD = gnu11;
				GCC_DYNAMIC_NO_PIC = NO;
				GCC_NO_COMMON_BLOCKS = YES;
				GCC_OPTIMIZATION_LEVEL = 0;
				GCC_PREPROCESSOR_DEFINITIONS = (
					"DEBUG=1",
					"$(inherited)",
				);
				GCC_WARN_64_TO_32_BIT_CONVERSION = YES;
				GCC_WARN_ABOUT_RETURN_TYPE = YES_ERROR;
				GCC_WARN_UNDECLARED_SELECTOR = YES;
				GCC_WARN_UNINITIALIZED_AUTOS = YES_AGGRESSIVE;
				GCC_WARN_UNUSED_FUNCTION = YES;
				GCC_WARN_UNUSED_VARIABLE = YES;
				IPHONEOS_DEPLOYMENT_TARGET = 13.2;
				MTL_ENABLE_DEBUG_INFO = INCLUDE_SOURCE;
				MTL_FAST_MATH = YES;
				ONLY_ACTIVE_ARCH = YES;
				SDKROOT = iphoneos;
				SWIFT_ACTIVE_COMPILATION_CONDITIONS = DEBUG;
				SWIFT_OPTIMIZATION_LEVEL = "-Onone";
			};
			name = Debug;
		};
		004DFA5D24F1FA1300D084A8 /* Release */ = {
			isa = XCBuildConfiguration;
			buildSettings = {
				ALWAYS_SEARCH_USER_PATHS = NO;
				CLANG_ANALYZER_NONNULL = YES;
				CLANG_ANALYZER_NUMBER_OBJECT_CONVERSION = YES_AGGRESSIVE;
				CLANG_CXX_LANGUAGE_STANDARD = "gnu++14";
				CLANG_CXX_LIBRARY = "libc++";
				CLANG_ENABLE_MODULES = YES;
				CLANG_ENABLE_OBJC_ARC = YES;
				CLANG_ENABLE_OBJC_WEAK = YES;
				CLANG_WARN_BLOCK_CAPTURE_AUTORELEASING = YES;
				CLANG_WARN_BOOL_CONVERSION = YES;
				CLANG_WARN_COMMA = YES;
				CLANG_WARN_CONSTANT_CONVERSION = YES;
				CLANG_WARN_DEPRECATED_OBJC_IMPLEMENTATIONS = YES;
				CLANG_WARN_DIRECT_OBJC_ISA_USAGE = YES_ERROR;
				CLANG_WARN_DOCUMENTATION_COMMENTS = YES;
				CLANG_WARN_EMPTY_BODY = YES;
				CLANG_WARN_ENUM_CONVERSION = YES;
				CLANG_WARN_INFINITE_RECURSION = YES;
				CLANG_WARN_INT_CONVERSION = YES;
				CLANG_WARN_NON_LITERAL_NULL_CONVERSION = YES;
				CLANG_WARN_OBJC_IMPLICIT_RETAIN_SELF = YES;
				CLANG_WARN_OBJC_LITERAL_CONVERSION = YES;
				CLANG_WARN_OBJC_ROOT_CLASS = YES_ERROR;
				CLANG_WARN_RANGE_LOOP_ANALYSIS = YES;
				CLANG_WARN_STRICT_PROTOTYPES = YES;
				CLANG_WARN_SUSPICIOUS_MOVE = YES;
				CLANG_WARN_UNGUARDED_AVAILABILITY = YES_AGGRESSIVE;
				CLANG_WARN_UNREACHABLE_CODE = YES;
				CLANG_WARN__DUPLICATE_METHOD_MATCH = YES;
				COPY_PHASE_STRIP = NO;
				DEBUG_INFORMATION_FORMAT = "dwarf-with-dsym";
				ENABLE_NS_ASSERTIONS = NO;
				ENABLE_STRICT_OBJC_MSGSEND = YES;
				GCC_C_LANGUAGE_STANDARD = gnu11;
				GCC_NO_COMMON_BLOCKS = YES;
				GCC_WARN_64_TO_32_BIT_CONVERSION = YES;
				GCC_WARN_ABOUT_RETURN_TYPE = YES_ERROR;
				GCC_WARN_UNDECLARED_SELECTOR = YES;
				GCC_WARN_UNINITIALIZED_AUTOS = YES_AGGRESSIVE;
				GCC_WARN_UNUSED_FUNCTION = YES;
				GCC_WARN_UNUSED_VARIABLE = YES;
				IPHONEOS_DEPLOYMENT_TARGET = 13.2;
				MTL_ENABLE_DEBUG_INFO = NO;
				MTL_FAST_MATH = YES;
				SDKROOT = iphoneos;
				SWIFT_COMPILATION_MODE = wholemodule;
				SWIFT_OPTIMIZATION_LEVEL = "-O";
				VALIDATE_PRODUCT = YES;
			};
			name = Release;
		};
		004DFA5F24F1FA1300D084A8 /* Debug */ = {
			isa = XCBuildConfiguration;
			baseConfigurationReference = 2A20FC543BEA27AB08D572F5 /* Pods-liveNews.debug.xcconfig */;
			buildSettings = {
				ASSETCATALOG_COMPILER_APPICON_NAME = AppIcon;
				CODE_SIGN_STYLE = Automatic;
				DEVELOPMENT_TEAM = Y276977D9U;
				INFOPLIST_FILE = liveNews/Info.plist;
				LD_RUNPATH_SEARCH_PATHS = (
					"$(inherited)",
					"@executable_path/Frameworks",
				);
				PRODUCT_BUNDLE_IDENTIFIER = Taha.liveNews;
				PRODUCT_NAME = "$(TARGET_NAME)";
				SWIFT_VERSION = 5.0;
				TARGETED_DEVICE_FAMILY = "1,2";
			};
			name = Debug;
		};
		004DFA6024F1FA1300D084A8 /* Release */ = {
			isa = XCBuildConfiguration;
			baseConfigurationReference = 003987A4609694275CA8621B /* Pods-liveNews.release.xcconfig */;
			buildSettings = {
				ASSETCATALOG_COMPILER_APPICON_NAME = AppIcon;
				CODE_SIGN_STYLE = Automatic;
				DEVELOPMENT_TEAM = Y276977D9U;
				INFOPLIST_FILE = liveNews/Info.plist;
				LD_RUNPATH_SEARCH_PATHS = (
					"$(inherited)",
					"@executable_path/Frameworks",
				);
				PRODUCT_BUNDLE_IDENTIFIER = Taha.liveNews;
				PRODUCT_NAME = "$(TARGET_NAME)";
				SWIFT_VERSION = 5.0;
				TARGETED_DEVICE_FAMILY = "1,2";
			};
			name = Release;
		};
		004DFA6224F1FA1300D084A8 /* Debug */ = {
			isa = XCBuildConfiguration;
			baseConfigurationReference = 03F18FD80BEE6A54A37B9A51 /* Pods-liveNewsTests.debug.xcconfig */;
			buildSettings = {
				ALWAYS_EMBED_SWIFT_STANDARD_LIBRARIES = YES;
				BUNDLE_LOADER = "$(TEST_HOST)";
				CODE_SIGN_STYLE = Automatic;
				DEVELOPMENT_TEAM = Y276977D9U;
				INFOPLIST_FILE = liveNewsTests/Info.plist;
				IPHONEOS_DEPLOYMENT_TARGET = 13.2;
				LD_RUNPATH_SEARCH_PATHS = (
					"$(inherited)",
					"@executable_path/Frameworks",
					"@loader_path/Frameworks",
				);
				PRODUCT_BUNDLE_IDENTIFIER = Taha.liveNewsTests;
				PRODUCT_NAME = "$(TARGET_NAME)";
				SWIFT_VERSION = 5.0;
				TARGETED_DEVICE_FAMILY = "1,2";
				TEST_HOST = "$(BUILT_PRODUCTS_DIR)/liveNews.app/liveNews";
			};
			name = Debug;
		};
		004DFA6324F1FA1300D084A8 /* Release */ = {
			isa = XCBuildConfiguration;
			baseConfigurationReference = 770DAF4B5268D4DF61353096 /* Pods-liveNewsTests.release.xcconfig */;
			buildSettings = {
				ALWAYS_EMBED_SWIFT_STANDARD_LIBRARIES = YES;
				BUNDLE_LOADER = "$(TEST_HOST)";
				CODE_SIGN_STYLE = Automatic;
				DEVELOPMENT_TEAM = Y276977D9U;
				INFOPLIST_FILE = liveNewsTests/Info.plist;
				IPHONEOS_DEPLOYMENT_TARGET = 13.2;
				LD_RUNPATH_SEARCH_PATHS = (
					"$(inherited)",
					"@executable_path/Frameworks",
					"@loader_path/Frameworks",
				);
				PRODUCT_BUNDLE_IDENTIFIER = Taha.liveNewsTests;
				PRODUCT_NAME = "$(TARGET_NAME)";
				SWIFT_VERSION = 5.0;
				TARGETED_DEVICE_FAMILY = "1,2";
				TEST_HOST = "$(BUILT_PRODUCTS_DIR)/liveNews.app/liveNews";
			};
			name = Release;
		};
		004DFA6524F1FA1300D084A8 /* Debug */ = {
			isa = XCBuildConfiguration;
			baseConfigurationReference = D5438826D3260D94E3F0BEE7 /* Pods-liveNews-liveNewsUITests.debug.xcconfig */;
			buildSettings = {
				ALWAYS_EMBED_SWIFT_STANDARD_LIBRARIES = YES;
				CODE_SIGN_STYLE = Automatic;
				DEVELOPMENT_TEAM = Y276977D9U;
				INFOPLIST_FILE = liveNewsUITests/Info.plist;
				LD_RUNPATH_SEARCH_PATHS = (
					"$(inherited)",
					"@executable_path/Frameworks",
					"@loader_path/Frameworks",
				);
				PRODUCT_BUNDLE_IDENTIFIER = Taha.liveNewsUITests;
				PRODUCT_NAME = "$(TARGET_NAME)";
				SWIFT_VERSION = 5.0;
				TARGETED_DEVICE_FAMILY = "1,2";
				TEST_TARGET_NAME = liveNews;
			};
			name = Debug;
		};
		004DFA6624F1FA1300D084A8 /* Release */ = {
			isa = XCBuildConfiguration;
			baseConfigurationReference = B87DB6D3230186D91670AAB2 /* Pods-liveNews-liveNewsUITests.release.xcconfig */;
			buildSettings = {
				ALWAYS_EMBED_SWIFT_STANDARD_LIBRARIES = YES;
				CODE_SIGN_STYLE = Automatic;
				DEVELOPMENT_TEAM = Y276977D9U;
				INFOPLIST_FILE = liveNewsUITests/Info.plist;
				LD_RUNPATH_SEARCH_PATHS = (
					"$(inherited)",
					"@executable_path/Frameworks",
					"@loader_path/Frameworks",
				);
				PRODUCT_BUNDLE_IDENTIFIER = Taha.liveNewsUITests;
				PRODUCT_NAME = "$(TARGET_NAME)";
				SWIFT_VERSION = 5.0;
				TARGETED_DEVICE_FAMILY = "1,2";
				TEST_TARGET_NAME = liveNews;
			};
			name = Release;
		};
/* End XCBuildConfiguration section */

/* Begin XCConfigurationList section */
		004DFA2C24F1FA1100D084A8 /* Build configuration list for PBXProject "liveNews" */ = {
			isa = XCConfigurationList;
			buildConfigurations = (
				004DFA5C24F1FA1300D084A8 /* Debug */,
				004DFA5D24F1FA1300D084A8 /* Release */,
			);
			defaultConfigurationIsVisible = 0;
			defaultConfigurationName = Release;
		};
		004DFA5E24F1FA1300D084A8 /* Build configuration list for PBXNativeTarget "liveNews" */ = {
			isa = XCConfigurationList;
			buildConfigurations = (
				004DFA5F24F1FA1300D084A8 /* Debug */,
				004DFA6024F1FA1300D084A8 /* Release */,
			);
			defaultConfigurationIsVisible = 0;
			defaultConfigurationName = Release;
		};
		004DFA6124F1FA1300D084A8 /* Build configuration list for PBXNativeTarget "liveNewsTests" */ = {
			isa = XCConfigurationList;
			buildConfigurations = (
				004DFA6224F1FA1300D084A8 /* Debug */,
				004DFA6324F1FA1300D084A8 /* Release */,
			);
			defaultConfigurationIsVisible = 0;
			defaultConfigurationName = Release;
		};
		004DFA6424F1FA1300D084A8 /* Build configuration list for PBXNativeTarget "liveNewsUITests" */ = {
			isa = XCConfigurationList;
			buildConfigurations = (
				004DFA6524F1FA1300D084A8 /* Debug */,
				004DFA6624F1FA1300D084A8 /* Release */,
			);
			defaultConfigurationIsVisible = 0;
			defaultConfigurationName = Release;
		};
/* End XCConfigurationList section */

/* Begin XCVersionGroup section */
		004DFA3D24F1FA1100D084A8 /* liveNews.xcdatamodeld */ = {
			isa = XCVersionGroup;
			children = (
				004DFA3E24F1FA1100D084A8 /* liveNews.xcdatamodel */,
			);
			currentVersion = 004DFA3E24F1FA1100D084A8 /* liveNews.xcdatamodel */;
			path = liveNews.xcdatamodeld;
			sourceTree = "<group>";
			versionGroupType = wrapper.xcdatamodel;
		};
/* End XCVersionGroup section */
	};
	rootObject = 004DFA2924F1FA1100D084A8 /* Project object */;
}
